
Microsoft Visual Studio Solution File, Format Version 12.00
# Visual Studio 14
VisualStudioVersion = 14.0.25420.1
MinimumVisualStudioVersion = 10.0.40219.1
Project("{FAE04EC0-301F-11D3-BF4B-00C04F79EFBC}") = "MarcelJoachimKloubert.RemoteDebugger", "MarcelJoachimKloubert.RemoteDebugger\MarcelJoachimKloubert.RemoteDebugger.csproj", "{1D95B068-30E7-4013-9609-ACA9C39C519B}"
EndProject
Project("{FAE04EC0-301F-11D3-BF4B-00C04F79EFBC}") = "MarcelJoachimKloubert.RemoteDebugger.Test", "MarcelJoachimKloubert.RemoteDebugger.Test\MarcelJoachimKloubert.RemoteDebugger.Test.csproj", "{C1199A3F-E292-496C-A03A-CC5105547955}"
EndProject
Global
	GlobalSection(SolutionConfigurationPlatforms) = preSolution
		Debug|Any CPU = Debug|Any CPU
		Release|Any CPU = Release|Any CPU
	EndGlobalSection
	GlobalSection(ProjectConfigurationPlatforms) = postSolution
		{1D95B068-30E7-4013-9609-ACA9C39C519B}.Debug|Any CPU.ActiveCfg = Debug|Any CPU
		{1D95B068-30E7-4013-9609-ACA9C39C519B}.Debug|Any CPU.Build.0 = Debug|Any CPU
		{1D95B068-30E7-4013-9609-ACA9C39C519B}.Release|Any CPU.ActiveCfg = Release|Any CPU
		{1D95B068-30E7-4013-9609-ACA9C39C519B}.Release|Any CPU.Build.0 = Release|Any CPU
		{C1199A3F-E292-496C-A03A-CC5105547955}.Debug|Any CPU.ActiveCfg = Debug|Any CPU
		{C1199A3F-E292-496C-A03A-CC5105547955}.Debug|Any CPU.Build.0 = Debug|Any CPU
		{C1199A3F-E292-496C-A03A-CC5105547955}.Release|Any CPU.ActiveCfg = Release|Any CPU
		{C1199A3F-E292-496C-A03A-CC5105547955}.Release|Any CPU.Build.0 = Release|Any CPU
	EndGlobalSection
	GlobalSection(SolutionProperties) = preSolution
		HideSolutionNode = FALSE
	EndGlobalSection
EndGlobal
